
Microsoft Visual Studio Solution File, Format Version 12.00
# Visual Studio 2013
VisualStudioVersion = 12.0.30723.0
MinimumVisualStudioVersion = 10.0.40219.1
Project("{FAE04EC0-301F-11D3-BF4B-00C04F79EFBC}") = "StyleCopProcess", "StyleCopProcess.csproj", "{89D7212B-AC36-43EF-B062-41AC0142F93E}"
EndProject
Global
	GlobalSection(SolutionConfigurationPlatforms) = preSolution
		Debug|Any CPU = Debug|Any CPU
		Release|Any CPU = Release|Any CPU
	EndGlobalSection
	GlobalSection(ProjectConfigurationPlatforms) = postSolution
		{89D7212B-AC36-43EF-B062-41AC0142F93E}.Debug|Any CPU.ActiveCfg = Debug|Any CPU
		{89D7212B-AC36-43EF-B062-41AC0142F93E}.Debug|Any CPU.Build.0 = Debug|Any CPU
		{89D7212B-AC36-43EF-B062-41AC0142F93E}.Release|Any CPU.ActiveCfg = Release|Any CPU
		{89D7212B-AC36-43EF-B062-41AC0142F93E}.Release|Any CPU.Build.0 = Release|Any CPU
	EndGlobalSection
	GlobalSection(SolutionProperties) = preSolution
		HideSolutionNode = FALSE
	EndGlobalSection
EndGlobal
